
Microsoft Visual Studio Solution File, Format Version 12.00
# Visual Studio 14
VisualStudioVersion = 14.0.24720.0
MinimumVisualStudioVersion = 10.0.40219.1
Project("{FAE04EC0-301F-11D3-BF4B-00C04F79EFBC}") = "swagBoard", "swagBoard\swagBoard.csproj", "{993DEAF0-C47B-41E8-BBA4-E18AE1F726B0}"
EndProject
Project("{FAE04EC0-301F-11D3-BF4B-00C04F79EFBC}") = "Dal", "Dal\Dal.csproj", "{1B59E4C1-9971-491A-81B6-13EE441C9244}"
EndProject
Global
	GlobalSection(SolutionConfigurationPlatforms) = preSolution
		Debug|Any CPU = Debug|Any CPU
		Release|Any CPU = Release|Any CPU
	EndGlobalSection
	GlobalSection(ProjectConfigurationPlatforms) = postSolution
		{993DEAF0-C47B-41E8-BBA4-E18AE1F726B0}.Debug|Any CPU.ActiveCfg = Debug|Any CPU
		{993DEAF0-C47B-41E8-BBA4-E18AE1F726B0}.Debug|Any CPU.Build.0 = Debug|Any CPU
		{993DEAF0-C47B-41E8-BBA4-E18AE1F726B0}.Release|Any CPU.ActiveCfg = Release|Any CPU
		{993DEAF0-C47B-41E8-BBA4-E18AE1F726B0}.Release|Any CPU.Build.0 = Release|Any CPU
		{1B59E4C1-9971-491A-81B6-13EE441C9244}.Debug|Any CPU.ActiveCfg = Debug|Any CPU
		{1B59E4C1-9971-491A-81B6-13EE441C9244}.Debug|Any CPU.Build.0 = Debug|Any CPU
		{1B59E4C1-9971-491A-81B6-13EE441C9244}.Release|Any CPU.ActiveCfg = Release|Any CPU
		{1B59E4C1-9971-491A-81B6-13EE441C9244}.Release|Any CPU.Build.0 = Release|Any CPU
	EndGlobalSection
	GlobalSection(SolutionProperties) = preSolution
		HideSolutionNode = FALSE
	EndGlobalSection
EndGlobal
